
Microsoft Visual Studio Solution File, Format Version 12.00
# Visual Studio Version 17
VisualStudioVersion = 17.11.35222.181
MinimumVisualStudioVersion = 10.0.40219.1
Project("{FAE04EC0-301F-11D3-BF4B-00C04F79EFBC}") = "ConsoleApp1", "ConsoleApp1\ConsoleApp1.csproj", "{49CFEE37-A3A6-4B18-99FB-0D35486BA960}"
EndProject
Global
	GlobalSection(SolutionConfigurationPlatforms) = preSolution
		Debug|Any CPU = Debug|Any CPU
		Release|Any CPU = Release|Any CPU
	EndGlobalSection
	GlobalSection(ProjectConfigurationPlatforms) = postSolution
		{49CFEE37-A3A6-4B18-99FB-0D35486BA960}.Debug|Any CPU.ActiveCfg = Debug|Any CPU
		{49CFEE37-A3A6-4B18-99FB-0D35486BA960}.Debug|Any CPU.Build.0 = Debug|Any CPU
		{49CFEE37-A3A6-4B18-99FB-0D35486BA960}.Release|Any CPU.ActiveCfg = Release|Any CPU
		{49CFEE37-A3A6-4B18-99FB-0D35486BA960}.Release|Any CPU.Build.0 = Release|Any CPU
	EndGlobalSection
	GlobalSection(SolutionProperties) = preSolution
		HideSolutionNode = FALSE
	EndGlobalSection
	GlobalSection(ExtensibilityGlobals) = postSolution
		SolutionGuid = {88D909F7-BE8B-4DD1-9781-EB705F12D81C}
	EndGlobalSection
EndGlobal
