
Microsoft Visual Studio Solution File, Format Version 12.00
# Visual Studio Version 17
VisualStudioVersion = 17.11.35222.181
MinimumVisualStudioVersion = 10.0.40219.1
Project("{FAE04EC0-301F-11D3-BF4B-00C04F79EFBC}") = "ConsoleApp1", "ConsoleApp1\ConsoleApp1.csproj", "{CEA9B2E0-BCCE-4CC1-AAF0-C8A0EE1B32FF}"
EndProject
Global
	GlobalSection(SolutionConfigurationPlatforms) = preSolution
		Debug|Any CPU = Debug|Any CPU
		Release|Any CPU = Release|Any CPU
	EndGlobalSection
	GlobalSection(ProjectConfigurationPlatforms) = postSolution
		{CEA9B2E0-BCCE-4CC1-AAF0-C8A0EE1B32FF}.Debug|Any CPU.ActiveCfg = Debug|Any CPU
		{CEA9B2E0-BCCE-4CC1-AAF0-C8A0EE1B32FF}.Debug|Any CPU.Build.0 = Debug|Any CPU
		{CEA9B2E0-BCCE-4CC1-AAF0-C8A0EE1B32FF}.Release|Any CPU.ActiveCfg = Release|Any CPU
		{CEA9B2E0-BCCE-4CC1-AAF0-C8A0EE1B32FF}.Release|Any CPU.Build.0 = Release|Any CPU
	EndGlobalSection
	GlobalSection(SolutionProperties) = preSolution
		HideSolutionNode = FALSE
	EndGlobalSection
	GlobalSection(ExtensibilityGlobals) = postSolution
		SolutionGuid = {F2EC6CB9-8527-4129-B055-EB164527DBFB}
	EndGlobalSection
EndGlobal
