
Microsoft Visual Studio Solution File, Format Version 12.00
# Visual Studio Version 17
VisualStudioVersion = 17.11.35222.181
MinimumVisualStudioVersion = 10.0.40219.1
Project("{FAE04EC0-301F-11D3-BF4B-00C04F79EFBC}") = "ConsoleApp1", "ConsoleApp1\ConsoleApp1.csproj", "{E8BAC195-601A-4596-88D5-E7E5B08F21C2}"
EndProject
Global
	GlobalSection(SolutionConfigurationPlatforms) = preSolution
		Debug|Any CPU = Debug|Any CPU
		Release|Any CPU = Release|Any CPU
	EndGlobalSection
	GlobalSection(ProjectConfigurationPlatforms) = postSolution
		{E8BAC195-601A-4596-88D5-E7E5B08F21C2}.Debug|Any CPU.ActiveCfg = Debug|Any CPU
		{E8BAC195-601A-4596-88D5-E7E5B08F21C2}.Debug|Any CPU.Build.0 = Debug|Any CPU
		{E8BAC195-601A-4596-88D5-E7E5B08F21C2}.Release|Any CPU.ActiveCfg = Release|Any CPU
		{E8BAC195-601A-4596-88D5-E7E5B08F21C2}.Release|Any CPU.Build.0 = Release|Any CPU
	EndGlobalSection
	GlobalSection(SolutionProperties) = preSolution
		HideSolutionNode = FALSE
	EndGlobalSection
	GlobalSection(ExtensibilityGlobals) = postSolution
		SolutionGuid = {1341A6FF-C776-4236-AD40-6CA88952774C}
	EndGlobalSection
EndGlobal
